// !$*UTF8*$!
{
	archiveVersion = 1;
	classes = {
	};
	objectVersion = 48;
	objects = {

/* Begin PBXBuildFile section */
		E866BCEE1FC2821000B395C5 /* LuaExportMetaData.m in Sources */ = {isa = PBXBuildFile; fileRef = E866BCEA1FC2821000B395C5 /* LuaExportMetaData.m */; };
		E866BCEF1FC2821000B395C5 /* LuaContext.m in Sources */ = {isa = PBXBuildFile; fileRef = E866BCED1FC2821000B395C5 /* LuaContext.m */; };
		E866BCF51FC285E900B395C5 /* lwiginternal.c in Sources */ = {isa = PBXBuildFile; fileRef = E866BCF21FC285E900B395C5 /* lwiginternal.c */; };
		E866BCF61FC285E900B395C5 /* lenvlib.c in Sources */ = {isa = PBXBuildFile; fileRef = E866BCF31FC285E900B395C5 /* lenvlib.c */; };
		E866BCFB1FC2900200B395C5 /* ohm.lua in CopyFiles */ = {isa = PBXBuildFile; fileRef = E866BCF81FC2883700B395C5 /* ohm.lua */; };
		E866BCFC1FC2900200B395C5 /* ohm.luac in CopyFiles */ = {isa = PBXBuildFile; fileRef = E866BCF71FC2883700B395C5 /* ohm.luac */; };
		E866BCFD1FC2900200B395C5 /* testsuite.lua in CopyFiles */ = {isa = PBXBuildFile; fileRef = E866BCF91FC2883700B395C5 /* testsuite.lua */; };
		E866BCFE1FC2900200B395C5 /* Wherigo.lua in CopyFiles */ = {isa = PBXBuildFile; fileRef = E866BCFA1FC28E5900B395C5 /* Wherigo.lua */; };
		E88E4D411FC278D900E784F9 /* main.m in Sources */ = {isa = PBXBuildFile; fileRef = E88E4D401FC278D900E784F9 /* main.m */; };
		E88E4DDA1FC279FF00E784F9 /* lmathlib.c in Sources */ = {isa = PBXBuildFile; fileRef = E88E4DA41FC279F900E784F9 /* lmathlib.c */; };
		E88E4DDB1FC279FF00E784F9 /* linit.c in Sources */ = {isa = PBXBuildFile; fileRef = E88E4DA81FC279F900E784F9 /* linit.c */; };
		E88E4DDC1FC279FF00E784F9 /* lmem.c in Sources */ = {isa = PBXBuildFile; fileRef = E88E4DAA1FC279F900E784F9 /* lmem.c */; };
		E88E4DDD1FC279FF00E784F9 /* ltablib.c in Sources */ = {isa = PBXBuildFile; fileRef = E88E4DAB1FC279F900E784F9 /* ltablib.c */; };
		E88E4DDE1FC279FF00E784F9 /* lobject.c in Sources */ = {isa = PBXBuildFile; fileRef = E88E4DAE1FC279F900E784F9 /* lobject.c */; };
		E88E4DDF1FC279FF00E784F9 /* lstrlib.c in Sources */ = {isa = PBXBuildFile; fileRef = E88E4DAF1FC279F900E784F9 /* lstrlib.c */; };
		E88E4DE01FC279FF00E784F9 /* lopcodes.c in Sources */ = {isa = PBXBuildFile; fileRef = E88E4DB11FC279FA00E784F9 /* lopcodes.c */; };
		E88E4DE11FC279FF00E784F9 /* ltm.c in Sources */ = {isa = PBXBuildFile; fileRef = E88E4DB41FC279FA00E784F9 /* ltm.c */; };
		E88E4DE21FC279FF00E784F9 /* lgc.c in Sources */ = {isa = PBXBuildFile; fileRef = E88E4DB51FC279FA00E784F9 /* lgc.c */; };
		E88E4DE31FC279FF00E784F9 /* lundump.c in Sources */ = {isa = PBXBuildFile; fileRef = E88E4DB71FC279FA00E784F9 /* lundump.c */; };
		E88E4DE41FC279FF00E784F9 /* lzio.c in Sources */ = {isa = PBXBuildFile; fileRef = E88E4DB91FC279FA00E784F9 /* lzio.c */; };
		E88E4DE51FC279FF00E784F9 /* lvm.c in Sources */ = {isa = PBXBuildFile; fileRef = E88E4DBA1FC279FA00E784F9 /* lvm.c */; };
		E88E4DE61FC279FF00E784F9 /* lfunc.c in Sources */ = {isa = PBXBuildFile; fileRef = E88E4DBB1FC279FB00E784F9 /* lfunc.c */; };
		E88E4DE71FC279FF00E784F9 /* ldo.c in Sources */ = {isa = PBXBuildFile; fileRef = E88E4DBC1FC279FB00E784F9 /* ldo.c */; };
		E88E4DE81FC279FF00E784F9 /* lbaselib.c in Sources */ = {isa = PBXBuildFile; fileRef = E88E4DBF1FC279FB00E784F9 /* lbaselib.c */; };
		E88E4DE91FC279FF00E784F9 /* ldblib.c in Sources */ = {isa = PBXBuildFile; fileRef = E88E4DC01FC279FB00E784F9 /* ldblib.c */; };
		E88E4DEA1FC279FF00E784F9 /* lapi.c in Sources */ = {isa = PBXBuildFile; fileRef = E88E4DC11FC279FB00E784F9 /* lapi.c */; };
		E88E4DEB1FC279FF00E784F9 /* print.c in Sources */ = {isa = PBXBuildFile; fileRef = E88E4DC21FC279FB00E784F9 /* print.c */; };
		E88E4DEC1FC279FF00E784F9 /* lcode.c in Sources */ = {isa = PBXBuildFile; fileRef = E88E4DC31FC279FC00E784F9 /* lcode.c */; };
		E88E4DED1FC279FF00E784F9 /* liolib.c in Sources */ = {isa = PBXBuildFile; fileRef = E88E4DC51FC279FC00E784F9 /* liolib.c */; };
		E88E4DEE1FC279FF00E784F9 /* ldump.c in Sources */ = {isa = PBXBuildFile; fileRef = E88E4DC61FC279FC00E784F9 /* ldump.c */; };
		E88E4DEF1FC279FF00E784F9 /* loadlib.c in Sources */ = {isa = PBXBuildFile; fileRef = E88E4DC91FC279FC00E784F9 /* loadlib.c */; };
		E88E4DF01FC279FF00E784F9 /* ltable.c in Sources */ = {isa = PBXBuildFile; fileRef = E88E4DCB1FC279FD00E784F9 /* ltable.c */; };
		E88E4DF11FC279FF00E784F9 /* lstate.c in Sources */ = {isa = PBXBuildFile; fileRef = E88E4DCC1FC279FD00E784F9 /* lstate.c */; };
		E88E4DF21FC279FF00E784F9 /* ldebug.c in Sources */ = {isa = PBXBuildFile; fileRef = E88E4DCF1FC279FD00E784F9 /* ldebug.c */; };
		E88E4DF31FC279FF00E784F9 /* loslib.c in Sources */ = {isa = PBXBuildFile; fileRef = E88E4DD01FC279FD00E784F9 /* loslib.c */; };
		E88E4DF41FC279FF00E784F9 /* llex.c in Sources */ = {isa = PBXBuildFile; fileRef = E88E4DD21FC279FE00E784F9 /* llex.c */; };
		E88E4DF51FC279FF00E784F9 /* lstring.c in Sources */ = {isa = PBXBuildFile; fileRef = E88E4DD31FC279FE00E784F9 /* lstring.c */; };
		E88E4DF71FC279FF00E784F9 /* lauxlib.c in Sources */ = {isa = PBXBuildFile; fileRef = E88E4DD71FC279FE00E784F9 /* lauxlib.c */; };
		E88E4DF81FC279FF00E784F9 /* lparser.c in Sources */ = {isa = PBXBuildFile; fileRef = E88E4DD81FC279FE00E784F9 /* lparser.c */; };
/* End PBXBuildFile section */

/* Begin PBXCopyFilesBuildPhase section */
		E88E4D3B1FC278D900E784F9 /* CopyFiles */ = {
			isa = PBXCopyFilesBuildPhase;
			buildActionMask = 12;
			dstPath = "";
			dstSubfolderSpec = 16;
			files = (
				E866BCFB1FC2900200B395C5 /* ohm.lua in CopyFiles */,
				E866BCFC1FC2900200B395C5 /* ohm.luac in CopyFiles */,
				E866BCFD1FC2900200B395C5 /* testsuite.lua in CopyFiles */,
				E866BCFE1FC2900200B395C5 /* Wherigo.lua in CopyFiles */,
			);
			runOnlyForDeploymentPostprocessing = 0;
		};
/* End PBXCopyFilesBuildPhase section */

/* Begin PBXFileReference section */
		E866BCE91FC2820F00B395C5 /* LuaExport.h */ = {isa = PBXFileReference; fileEncoding = 4; lastKnownFileType = sourcecode.c.h; path = LuaExport.h; sourceTree = "<group>"; };
		E866BCEA1FC2821000B395C5 /* LuaExportMetaData.m */ = {isa = PBXFileReference; fileEncoding = 4; lastKnownFileType = sourcecode.c.objc; path = LuaExportMetaData.m; sourceTree = "<group>"; };
		E866BCEB1FC2821000B395C5 /* LuaContext.h */ = {isa = PBXFileReference; fileEncoding = 4; lastKnownFileType = sourcecode.c.h; path = LuaContext.h; sourceTree = "<group>"; };
		E866BCEC1FC2821000B395C5 /* LuaExportMetaData.h */ = {isa = PBXFileReference; fileEncoding = 4; lastKnownFileType = sourcecode.c.h; path = LuaExportMetaData.h; sourceTree = "<group>"; };
		E866BCED1FC2821000B395C5 /* LuaContext.m */ = {isa = PBXFileReference; fileEncoding = 4; lastKnownFileType = sourcecode.c.objc; path = LuaContext.m; sourceTree = "<group>"; };
		E866BCF11FC285E900B395C5 /* lenvlib.h */ = {isa = PBXFileReference; fileEncoding = 4; lastKnownFileType = sourcecode.c.h; path = lenvlib.h; sourceTree = "<group>"; };
		E866BCF21FC285E900B395C5 /* lwiginternal.c */ = {isa = PBXFileReference; fileEncoding = 4; lastKnownFileType = sourcecode.c.c; path = lwiginternal.c; sourceTree = "<group>"; };
		E866BCF31FC285E900B395C5 /* lenvlib.c */ = {isa = PBXFileReference; fileEncoding = 4; lastKnownFileType = sourcecode.c.c; path = lenvlib.c; sourceTree = "<group>"; };
		E866BCF41FC285E900B395C5 /* lwiginternal.h */ = {isa = PBXFileReference; fileEncoding = 4; lastKnownFileType = sourcecode.c.h; path = lwiginternal.h; sourceTree = "<group>"; };
		E866BCF71FC2883700B395C5 /* ohm.luac */ = {isa = PBXFileReference; lastKnownFileType = file; path = ohm.luac; sourceTree = "<group>"; };
		E866BCF81FC2883700B395C5 /* ohm.lua */ = {isa = PBXFileReference; fileEncoding = 4; lastKnownFileType = text; path = ohm.lua; sourceTree = "<group>"; };
		E866BCF91FC2883700B395C5 /* testsuite.lua */ = {isa = PBXFileReference; fileEncoding = 4; lastKnownFileType = text; path = testsuite.lua; sourceTree = "<group>"; };
		E866BCFA1FC28E5900B395C5 /* Wherigo.lua */ = {isa = PBXFileReference; fileEncoding = 4; lastKnownFileType = text; path = Wherigo.lua; sourceTree = "<group>"; };
		E88E4D3D1FC278D900E784F9 /* luatest */ = {isa = PBXFileReference; explicitFileType = "compiled.mach-o.executable"; includeInIndex = 0; path = luatest; sourceTree = BUILT_PRODUCTS_DIR; };
		E88E4D401FC278D900E784F9 /* main.m */ = {isa = PBXFileReference; lastKnownFileType = sourcecode.c.objc; path = main.m; sourceTree = "<group>"; };
		E88E4DA31FC279F900E784F9 /* lstate.h */ = {isa = PBXFileReference; fileEncoding = 4; lastKnownFileType = sourcecode.c.h; name = lstate.h; path = "lua-5.1.5/src/lstate.h"; sourceTree = SOURCE_ROOT; };
		E88E4DA41FC279F900E784F9 /* lmathlib.c */ = {isa = PBXFileReference; fileEncoding = 4; lastKnownFileType = sourcecode.c.c; name = lmathlib.c; path = "lua-5.1.5/src/lmathlib.c"; sourceTree = SOURCE_ROOT; };
		E88E4DA51FC279F900E784F9 /* lmem.h */ = {isa = PBXFileReference; fileEncoding = 4; lastKnownFileType = sourcecode.c.h; name = lmem.h; path = "lua-5.1.5/src/lmem.h"; sourceTree = SOURCE_ROOT; };
		E88E4DA61FC279F900E784F9 /* ldebug.h */ = {isa = PBXFileReference; fileEncoding = 4; lastKnownFileType = sourcecode.c.h; name = ldebug.h; path = "lua-5.1.5/src/ldebug.h"; sourceTree = SOURCE_ROOT; };
		E88E4DA71FC279F900E784F9 /* lvm.h */ = {isa = PBXFileReference; fileEncoding = 4; lastKnownFileType = sourcecode.c.h; name = lvm.h; path = "lua-5.1.5/src/lvm.h"; sourceTree = SOURCE_ROOT; };
		E88E4DA81FC279F900E784F9 /* linit.c */ = {isa = PBXFileReference; fileEncoding = 4; lastKnownFileType = sourcecode.c.c; name = linit.c; path = "lua-5.1.5/src/linit.c"; sourceTree = SOURCE_ROOT; };
		E88E4DA91FC279F900E784F9 /* lapi.h */ = {isa = PBXFileReference; fileEncoding = 4; lastKnownFileType = sourcecode.c.h; name = lapi.h; path = "lua-5.1.5/src/lapi.h"; sourceTree = SOURCE_ROOT; };
		E88E4DAA1FC279F900E784F9 /* lmem.c */ = {isa = PBXFileReference; fileEncoding = 4; lastKnownFileType = sourcecode.c.c; name = lmem.c; path = "lua-5.1.5/src/lmem.c"; sourceTree = SOURCE_ROOT; };
		E88E4DAB1FC279F900E784F9 /* ltablib.c */ = {isa = PBXFileReference; fileEncoding = 4; lastKnownFileType = sourcecode.c.c; name = ltablib.c; path = "lua-5.1.5/src/ltablib.c"; sourceTree = SOURCE_ROOT; };
		E88E4DAC1FC279F900E784F9 /* ldo.h */ = {isa = PBXFileReference; fileEncoding = 4; lastKnownFileType = sourcecode.c.h; name = ldo.h; path = "lua-5.1.5/src/ldo.h"; sourceTree = SOURCE_ROOT; };
		E88E4DAD1FC279F900E784F9 /* lauxlib.h */ = {isa = PBXFileReference; fileEncoding = 4; lastKnownFileType = sourcecode.c.h; name = lauxlib.h; path = "lua-5.1.5/src/lauxlib.h"; sourceTree = SOURCE_ROOT; };
		E88E4DAE1FC279F900E784F9 /* lobject.c */ = {isa = PBXFileReference; fileEncoding = 4; lastKnownFileType = sourcecode.c.c; name = lobject.c; path = "lua-5.1.5/src/lobject.c"; sourceTree = SOURCE_ROOT; };
		E88E4DAF1FC279F900E784F9 /* lstrlib.c */ = {isa = PBXFileReference; fileEncoding = 4; lastKnownFileType = sourcecode.c.c; name = lstrlib.c; path = "lua-5.1.5/src/lstrlib.c"; sourceTree = SOURCE_ROOT; };
		E88E4DB01FC279F900E784F9 /* lua.h */ = {isa = PBXFileReference; fileEncoding = 4; lastKnownFileType = sourcecode.c.h; name = lua.h; path = "lua-5.1.5/src/lua.h"; sourceTree = SOURCE_ROOT; };
		E88E4DB11FC279FA00E784F9 /* lopcodes.c */ = {isa = PBXFileReference; fileEncoding = 4; lastKnownFileType = sourcecode.c.c; name = lopcodes.c; path = "lua-5.1.5/src/lopcodes.c"; sourceTree = SOURCE_ROOT; };
		E88E4DB21FC279FA00E784F9 /* lzio.h */ = {isa = PBXFileReference; fileEncoding = 4; lastKnownFileType = sourcecode.c.h; name = lzio.h; path = "lua-5.1.5/src/lzio.h"; sourceTree = SOURCE_ROOT; };
		E88E4DB31FC279FA00E784F9 /* lfunc.h */ = {isa = PBXFileReference; fileEncoding = 4; lastKnownFileType = sourcecode.c.h; name = lfunc.h; path = "lua-5.1.5/src/lfunc.h"; sourceTree = SOURCE_ROOT; };
		E88E4DB41FC279FA00E784F9 /* ltm.c */ = {isa = PBXFileReference; fileEncoding = 4; lastKnownFileType = sourcecode.c.c; name = ltm.c; path = "lua-5.1.5/src/ltm.c"; sourceTree = SOURCE_ROOT; };
		E88E4DB51FC279FA00E784F9 /* lgc.c */ = {isa = PBXFileReference; fileEncoding = 4; lastKnownFileType = sourcecode.c.c; name = lgc.c; path = "lua-5.1.5/src/lgc.c"; sourceTree = SOURCE_ROOT; };
		E88E4DB61FC279FA00E784F9 /* lstring.h */ = {isa = PBXFileReference; fileEncoding = 4; lastKnownFileType = sourcecode.c.h; name = lstring.h; path = "lua-5.1.5/src/lstring.h"; sourceTree = SOURCE_ROOT; };
		E88E4DB71FC279FA00E784F9 /* lundump.c */ = {isa = PBXFileReference; fileEncoding = 4; lastKnownFileType = sourcecode.c.c; name = lundump.c; path = "lua-5.1.5/src/lundump.c"; sourceTree = SOURCE_ROOT; };
		E88E4DB81FC279FA00E784F9 /* lobject.h */ = {isa = PBXFileReference; fileEncoding = 4; lastKnownFileType = sourcecode.c.h; name = lobject.h; path = "lua-5.1.5/src/lobject.h"; sourceTree = SOURCE_ROOT; };
		E88E4DB91FC279FA00E784F9 /* lzio.c */ = {isa = PBXFileReference; fileEncoding = 4; lastKnownFileType = sourcecode.c.c; name = lzio.c; path = "lua-5.1.5/src/lzio.c"; sourceTree = SOURCE_ROOT; };
		E88E4DBA1FC279FA00E784F9 /* lvm.c */ = {isa = PBXFileReference; fileEncoding = 4; lastKnownFileType = sourcecode.c.c; name = lvm.c; path = "lua-5.1.5/src/lvm.c"; sourceTree = SOURCE_ROOT; };
		E88E4DBB1FC279FB00E784F9 /* lfunc.c */ = {isa = PBXFileReference; fileEncoding = 4; lastKnownFileType = sourcecode.c.c; name = lfunc.c; path = "lua-5.1.5/src/lfunc.c"; sourceTree = SOURCE_ROOT; };
		E88E4DBC1FC279FB00E784F9 /* ldo.c */ = {isa = PBXFileReference; fileEncoding = 4; lastKnownFileType = sourcecode.c.c; name = ldo.c; path = "lua-5.1.5/src/ldo.c"; sourceTree = SOURCE_ROOT; };
		E88E4DBD1FC279FB00E784F9 /* llex.h */ = {isa = PBXFileReference; fileEncoding = 4; lastKnownFileType = sourcecode.c.h; name = llex.h; path = "lua-5.1.5/src/llex.h"; sourceTree = SOURCE_ROOT; };
		E88E4DBE1FC279FB00E784F9 /* ltm.h */ = {isa = PBXFileReference; fileEncoding = 4; lastKnownFileType = sourcecode.c.h; name = ltm.h; path = "lua-5.1.5/src/ltm.h"; sourceTree = SOURCE_ROOT; };
		E88E4DBF1FC279FB00E784F9 /* lbaselib.c */ = {isa = PBXFileReference; fileEncoding = 4; lastKnownFileType = sourcecode.c.c; name = lbaselib.c; path = "lua-5.1.5/src/lbaselib.c"; sourceTree = SOURCE_ROOT; };
		E88E4DC01FC279FB00E784F9 /* ldblib.c */ = {isa = PBXFileReference; fileEncoding = 4; lastKnownFileType = sourcecode.c.c; name = ldblib.c; path = "lua-5.1.5/src/ldblib.c"; sourceTree = SOURCE_ROOT; };
		E88E4DC11FC279FB00E784F9 /* lapi.c */ = {isa = PBXFileReference; fileEncoding = 4; lastKnownFileType = sourcecode.c.c; name = lapi.c; path = "lua-5.1.5/src/lapi.c"; sourceTree = SOURCE_ROOT; };
		E88E4DC21FC279FB00E784F9 /* print.c */ = {isa = PBXFileReference; fileEncoding = 4; lastKnownFileType = sourcecode.c.c; name = print.c; path = "lua-5.1.5/src/print.c"; sourceTree = SOURCE_ROOT; };
		E88E4DC31FC279FC00E784F9 /* lcode.c */ = {isa = PBXFileReference; fileEncoding = 4; lastKnownFileType = sourcecode.c.c; name = lcode.c; path = "lua-5.1.5/src/lcode.c"; sourceTree = SOURCE_ROOT; };
		E88E4DC41FC279FC00E784F9 /* lundump.h */ = {isa = PBXFileReference; fileEncoding = 4; lastKnownFileType = sourcecode.c.h; name = lundump.h; path = "lua-5.1.5/src/lundump.h"; sourceTree = SOURCE_ROOT; };
		E88E4DC51FC279FC00E784F9 /* liolib.c */ = {isa = PBXFileReference; fileEncoding = 4; lastKnownFileType = sourcecode.c.c; name = liolib.c; path = "lua-5.1.5/src/liolib.c"; sourceTree = SOURCE_ROOT; };
		E88E4DC61FC279FC00E784F9 /* ldump.c */ = {isa = PBXFileReference; fileEncoding = 4; lastKnownFileType = sourcecode.c.c; name = ldump.c; path = "lua-5.1.5/src/ldump.c"; sourceTree = SOURCE_ROOT; };
		E88E4DC71FC279FC00E784F9 /* lcode.h */ = {isa = PBXFileReference; fileEncoding = 4; lastKnownFileType = sourcecode.c.h; name = lcode.h; path = "lua-5.1.5/src/lcode.h"; sourceTree = SOURCE_ROOT; };
		E88E4DC81FC279FC00E784F9 /* lopcodes.h */ = {isa = PBXFileReference; fileEncoding = 4; lastKnownFileType = sourcecode.c.h; name = lopcodes.h; path = "lua-5.1.5/src/lopcodes.h"; sourceTree = SOURCE_ROOT; };
		E88E4DC91FC279FC00E784F9 /* loadlib.c */ = {isa = PBXFileReference; fileEncoding = 4; lastKnownFileType = sourcecode.c.c; name = loadlib.c; path = "lua-5.1.5/src/loadlib.c"; sourceTree = SOURCE_ROOT; };
		E88E4DCA1FC279FD00E784F9 /* lualib.h */ = {isa = PBXFileReference; fileEncoding = 4; lastKnownFileType = sourcecode.c.h; name = lualib.h; path = "lua-5.1.5/src/lualib.h"; sourceTree = SOURCE_ROOT; };
		E88E4DCB1FC279FD00E784F9 /* ltable.c */ = {isa = PBXFileReference; fileEncoding = 4; lastKnownFileType = sourcecode.c.c; name = ltable.c; path = "lua-5.1.5/src/ltable.c"; sourceTree = SOURCE_ROOT; };
		E88E4DCC1FC279FD00E784F9 /* lstate.c */ = {isa = PBXFileReference; fileEncoding = 4; lastKnownFileType = sourcecode.c.c; name = lstate.c; path = "lua-5.1.5/src/lstate.c"; sourceTree = SOURCE_ROOT; };
		E88E4DCD1FC279FD00E784F9 /* luaconf.h */ = {isa = PBXFileReference; fileEncoding = 4; lastKnownFileType = sourcecode.c.h; name = luaconf.h; path = "lua-5.1.5/src/luaconf.h"; sourceTree = SOURCE_ROOT; };
		E88E4DCE1FC279FD00E784F9 /* llimits.h */ = {isa = PBXFileReference; fileEncoding = 4; lastKnownFileType = sourcecode.c.h; name = llimits.h; path = "lua-5.1.5/src/llimits.h"; sourceTree = SOURCE_ROOT; };
		E88E4DCF1FC279FD00E784F9 /* ldebug.c */ = {isa = PBXFileReference; fileEncoding = 4; lastKnownFileType = sourcecode.c.c; name = ldebug.c; path = "lua-5.1.5/src/ldebug.c"; sourceTree = SOURCE_ROOT; };
		E88E4DD01FC279FD00E784F9 /* loslib.c */ = {isa = PBXFileReference; fileEncoding = 4; lastKnownFileType = sourcecode.c.c; name = loslib.c; path = "lua-5.1.5/src/loslib.c"; sourceTree = SOURCE_ROOT; };
		E88E4DD11FC279FE00E784F9 /* ltable.h */ = {isa = PBXFileReference; fileEncoding = 4; lastKnownFileType = sourcecode.c.h; name = ltable.h; path = "lua-5.1.5/src/ltable.h"; sourceTree = SOURCE_ROOT; };
		E88E4DD21FC279FE00E784F9 /* llex.c */ = {isa = PBXFileReference; fileEncoding = 4; lastKnownFileType = sourcecode.c.c; name = llex.c; path = "lua-5.1.5/src/llex.c"; sourceTree = SOURCE_ROOT; };
		E88E4DD31FC279FE00E784F9 /* lstring.c */ = {isa = PBXFileReference; fileEncoding = 4; lastKnownFileType = sourcecode.c.c; name = lstring.c; path = "lua-5.1.5/src/lstring.c"; sourceTree = SOURCE_ROOT; };
		E88E4DD41FC279FE00E784F9 /* lgc.h */ = {isa = PBXFileReference; fileEncoding = 4; lastKnownFileType = sourcecode.c.h; name = lgc.h; path = "lua-5.1.5/src/lgc.h"; sourceTree = SOURCE_ROOT; };
		E88E4DD51FC279FE00E784F9 /* lparser.h */ = {isa = PBXFileReference; fileEncoding = 4; lastKnownFileType = sourcecode.c.h; name = lparser.h; path = "lua-5.1.5/src/lparser.h"; sourceTree = SOURCE_ROOT; };
		E88E4DD71FC279FE00E784F9 /* lauxlib.c */ = {isa = PBXFileReference; fileEncoding = 4; lastKnownFileType = sourcecode.c.c; name = lauxlib.c; path = "lua-5.1.5/src/lauxlib.c"; sourceTree = SOURCE_ROOT; };
		E88E4DD81FC279FE00E784F9 /* lparser.c */ = {isa = PBXFileReference; fileEncoding = 4; lastKnownFileType = sourcecode.c.c; name = lparser.c; path = "lua-5.1.5/src/lparser.c"; sourceTree = SOURCE_ROOT; };
/* End PBXFileReference section */

/* Begin PBXFrameworksBuildPhase section */
		E88E4D3A1FC278D900E784F9 /* Frameworks */ = {
			isa = PBXFrameworksBuildPhase;
			buildActionMask = 2147483647;
			files = (
			);
			runOnlyForDeploymentPostprocessing = 0;
		};
/* End PBXFrameworksBuildPhase section */

/* Begin PBXGroup section */
		E866BCF01FC2853300B395C5 /* cartridges */ = {
			isa = PBXGroup;
			children = (
				E866BCF81FC2883700B395C5 /* ohm.lua */,
				E866BCF71FC2883700B395C5 /* ohm.luac */,
				E866BCF91FC2883700B395C5 /* testsuite.lua */,
				E866BCFA1FC28E5900B395C5 /* Wherigo.lua */,
			);
			path = cartridges;
			sourceTree = "<group>";
		};
		E88E4D341FC278D900E784F9 = {
			isa = PBXGroup;
			children = (
				E88E4DA11FC279D200E784F9 /* lua-5.1.5 */,
				E866BCF01FC2853300B395C5 /* cartridges */,
				E88E4DF91FC27AFB00E784F9 /* wherigo */,
				E88E4D3F1FC278D900E784F9 /* luatest */,
				E88E4D3E1FC278D900E784F9 /* Products */,
			);
			sourceTree = "<group>";
		};
		E88E4D3E1FC278D900E784F9 /* Products */ = {
			isa = PBXGroup;
			children = (
				E88E4D3D1FC278D900E784F9 /* luatest */,
			);
			name = Products;
			sourceTree = "<group>";
		};
		E88E4D3F1FC278D900E784F9 /* luatest */ = {
			isa = PBXGroup;
			children = (
				E866BCEB1FC2821000B395C5 /* LuaContext.h */,
				E866BCED1FC2821000B395C5 /* LuaContext.m */,
				E866BCE91FC2820F00B395C5 /* LuaExport.h */,
				E866BCEC1FC2821000B395C5 /* LuaExportMetaData.h */,
				E866BCEA1FC2821000B395C5 /* LuaExportMetaData.m */,
				E88E4D401FC278D900E784F9 /* main.m */,
			);
			path = luatest;
			sourceTree = "<group>";
		};
		E88E4DA11FC279D200E784F9 /* lua-5.1.5 */ = {
			isa = PBXGroup;
			children = (
				E88E4DC11FC279FB00E784F9 /* lapi.c */,
				E88E4DA91FC279F900E784F9 /* lapi.h */,
				E88E4DD71FC279FE00E784F9 /* lauxlib.c */,
				E88E4DAD1FC279F900E784F9 /* lauxlib.h */,
				E88E4DBF1FC279FB00E784F9 /* lbaselib.c */,
				E88E4DC31FC279FC00E784F9 /* lcode.c */,
				E88E4DC71FC279FC00E784F9 /* lcode.h */,
				E88E4DC01FC279FB00E784F9 /* ldblib.c */,
				E88E4DCF1FC279FD00E784F9 /* ldebug.c */,
				E88E4DA61FC279F900E784F9 /* ldebug.h */,
				E88E4DBC1FC279FB00E784F9 /* ldo.c */,
				E88E4DAC1FC279F900E784F9 /* ldo.h */,
				E88E4DC61FC279FC00E784F9 /* ldump.c */,
				E88E4DBB1FC279FB00E784F9 /* lfunc.c */,
				E88E4DB31FC279FA00E784F9 /* lfunc.h */,
				E88E4DB51FC279FA00E784F9 /* lgc.c */,
				E88E4DD41FC279FE00E784F9 /* lgc.h */,
				E88E4DA81FC279F900E784F9 /* linit.c */,
				E88E4DC51FC279FC00E784F9 /* liolib.c */,
				E88E4DD21FC279FE00E784F9 /* llex.c */,
				E88E4DBD1FC279FB00E784F9 /* llex.h */,
				E88E4DCE1FC279FD00E784F9 /* llimits.h */,
				E88E4DA41FC279F900E784F9 /* lmathlib.c */,
				E88E4DAA1FC279F900E784F9 /* lmem.c */,
				E88E4DA51FC279F900E784F9 /* lmem.h */,
				E88E4DC91FC279FC00E784F9 /* loadlib.c */,
				E88E4DAE1FC279F900E784F9 /* lobject.c */,
				E88E4DB81FC279FA00E784F9 /* lobject.h */,
				E88E4DB11FC279FA00E784F9 /* lopcodes.c */,
				E88E4DC81FC279FC00E784F9 /* lopcodes.h */,
				E88E4DD01FC279FD00E784F9 /* loslib.c */,
				E88E4DD81FC279FE00E784F9 /* lparser.c */,
				E88E4DD51FC279FE00E784F9 /* lparser.h */,
				E88E4DCC1FC279FD00E784F9 /* lstate.c */,
				E88E4DA31FC279F900E784F9 /* lstate.h */,
				E88E4DD31FC279FE00E784F9 /* lstring.c */,
				E88E4DB61FC279FA00E784F9 /* lstring.h */,
				E88E4DAF1FC279F900E784F9 /* lstrlib.c */,
				E88E4DCB1FC279FD00E784F9 /* ltable.c */,
				E88E4DD11FC279FE00E784F9 /* ltable.h */,
				E88E4DAB1FC279F900E784F9 /* ltablib.c */,
				E88E4DB41FC279FA00E784F9 /* ltm.c */,
				E88E4DBE1FC279FB00E784F9 /* ltm.h */,
				E88E4DB01FC279F900E784F9 /* lua.h */,
				E88E4DCD1FC279FD00E784F9 /* luaconf.h */,
				E88E4DCA1FC279FD00E784F9 /* lualib.h */,
				E88E4DB71FC279FA00E784F9 /* lundump.c */,
				E88E4DC41FC279FC00E784F9 /* lundump.h */,
				E88E4DBA1FC279FA00E784F9 /* lvm.c */,
				E88E4DA71FC279F900E784F9 /* lvm.h */,
				E88E4DB91FC279FA00E784F9 /* lzio.c */,
				E88E4DB21FC279FA00E784F9 /* lzio.h */,
				E88E4DC21FC279FB00E784F9 /* print.c */,
			);
			name = "lua-5.1.5";
			path = "New Group";
			sourceTree = "<group>";
		};
		E88E4DF91FC27AFB00E784F9 /* wherigo */ = {
			isa = PBXGroup;
			children = (
				E866BCF31FC285E900B395C5 /* lenvlib.c */,
				E866BCF11FC285E900B395C5 /* lenvlib.h */,
				E866BCF21FC285E900B395C5 /* lwiginternal.c */,
				E866BCF41FC285E900B395C5 /* lwiginternal.h */,
			);
			path = wherigo;
			sourceTree = "<group>";
		};
/* End PBXGroup section */

/* Begin PBXNativeTarget section */
		E88E4D3C1FC278D900E784F9 /* luatest */ = {
			isa = PBXNativeTarget;
			buildConfigurationList = E88E4D441FC278D900E784F9 /* Build configuration list for PBXNativeTarget "luatest" */;
			buildPhases = (
				E88E4D391FC278D900E784F9 /* Sources */,
				E88E4D3A1FC278D900E784F9 /* Frameworks */,
				E88E4D3B1FC278D900E784F9 /* CopyFiles */,
			);
			buildRules = (
			);
			dependencies = (
			);
			name = luatest;
			productName = luatest;
			productReference = E88E4D3D1FC278D900E784F9 /* luatest */;
			productType = "com.apple.product-type.tool";
		};
/* End PBXNativeTarget section */

/* Begin PBXProject section */
		E88E4D351FC278D900E784F9 /* Project object */ = {
			isa = PBXProject;
			attributes = {
				LastUpgradeCheck = 0910;
				ORGANIZATIONNAME = "Edwin Groothuis";
				TargetAttributes = {
					E88E4D3C1FC278D900E784F9 = {
						CreatedOnToolsVersion = 9.1;
						ProvisioningStyle = Automatic;
					};
				};
			};
			buildConfigurationList = E88E4D381FC278D900E784F9 /* Build configuration list for PBXProject "luatest" */;
			compatibilityVersion = "Xcode 8.0";
			developmentRegion = en;
			hasScannedForEncodings = 0;
			knownRegions = (
				en,
			);
			mainGroup = E88E4D341FC278D900E784F9;
			productRefGroup = E88E4D3E1FC278D900E784F9 /* Products */;
			projectDirPath = "";
			projectRoot = "";
			targets = (
				E88E4D3C1FC278D900E784F9 /* luatest */,
			);
		};
/* End PBXProject section */

/* Begin PBXSourcesBuildPhase section */
		E88E4D391FC278D900E784F9 /* Sources */ = {
			isa = PBXSourcesBuildPhase;
			buildActionMask = 2147483647;
			files = (
				E88E4DEC1FC279FF00E784F9 /* lcode.c in Sources */,
				E88E4DEF1FC279FF00E784F9 /* loadlib.c in Sources */,
				E88E4DF41FC279FF00E784F9 /* llex.c in Sources */,
				E88E4DE91FC279FF00E784F9 /* ldblib.c in Sources */,
				E88E4DE61FC279FF00E784F9 /* lfunc.c in Sources */,
				E88E4DE41FC279FF00E784F9 /* lzio.c in Sources */,
				E88E4DE21FC279FF00E784F9 /* lgc.c in Sources */,
				E88E4DDC1FC279FF00E784F9 /* lmem.c in Sources */,
				E88E4DE01FC279FF00E784F9 /* lopcodes.c in Sources */,
				E88E4DE71FC279FF00E784F9 /* ldo.c in Sources */,
				E88E4DDE1FC279FF00E784F9 /* lobject.c in Sources */,
				E88E4DF71FC279FF00E784F9 /* lauxlib.c in Sources */,
				E88E4DE51FC279FF00E784F9 /* lvm.c in Sources */,
				E88E4DEB1FC279FF00E784F9 /* print.c in Sources */,
				E88E4DF51FC279FF00E784F9 /* lstring.c in Sources */,
				E88E4DE81FC279FF00E784F9 /* lbaselib.c in Sources */,
				E88E4DF81FC279FF00E784F9 /* lparser.c in Sources */,
				E88E4DDB1FC279FF00E784F9 /* linit.c in Sources */,
				E88E4DF11FC279FF00E784F9 /* lstate.c in Sources */,
				E866BCEE1FC2821000B395C5 /* LuaExportMetaData.m in Sources */,
				E88E4DF21FC279FF00E784F9 /* ldebug.c in Sources */,
				E866BCF51FC285E900B395C5 /* lwiginternal.c in Sources */,
				E866BCEF1FC2821000B395C5 /* LuaContext.m in Sources */,
				E88E4DEE1FC279FF00E784F9 /* ldump.c in Sources */,
				E88E4DF31FC279FF00E784F9 /* loslib.c in Sources */,
				E88E4DF01FC279FF00E784F9 /* ltable.c in Sources */,
				E88E4D411FC278D900E784F9 /* main.m in Sources */,
				E88E4DE31FC279FF00E784F9 /* lundump.c in Sources */,
				E88E4DDD1FC279FF00E784F9 /* ltablib.c in Sources */,
				E88E4DEA1FC279FF00E784F9 /* lapi.c in Sources */,
				E88E4DED1FC279FF00E784F9 /* liolib.c in Sources */,
				E88E4DDF1FC279FF00E784F9 /* lstrlib.c in Sources */,
				E88E4DDA1FC279FF00E784F9 /* lmathlib.c in Sources */,
				E866BCF61FC285E900B395C5 /* lenvlib.c in Sources */,
				E88E4DE11FC279FF00E784F9 /* ltm.c in Sources */,
			);
			runOnlyForDeploymentPostprocessing = 0;
		};
/* End PBXSourcesBuildPhase section */

/* Begin XCBuildConfiguration section */
		E88E4D421FC278D900E784F9 /* Debug */ = {
			isa = XCBuildConfiguration;
			buildSettings = {
				ALWAYS_SEARCH_USER_PATHS = NO;
				CLANG_ANALYZER_NONNULL = YES;
				CLANG_ANALYZER_NUMBER_OBJECT_CONVERSION = YES_AGGRESSIVE;
				CLANG_CXX_LANGUAGE_STANDARD = "gnu++14";
				CLANG_CXX_LIBRARY = "libc++";
				CLANG_ENABLE_MODULES = YES;
				CLANG_ENABLE_OBJC_ARC = YES;
				CLANG_WARN_BLOCK_CAPTURE_AUTORELEASING = YES;
				CLANG_WARN_BOOL_CONVERSION = YES;
				CLANG_WARN_COMMA = YES;
				CLANG_WARN_CONSTANT_CONVERSION = YES;
				CLANG_WARN_DIRECT_OBJC_ISA_USAGE = YES_ERROR;
				CLANG_WARN_DOCUMENTATION_COMMENTS = YES;
				CLANG_WARN_EMPTY_BODY = YES;
				CLANG_WARN_ENUM_CONVERSION = YES;
				CLANG_WARN_INFINITE_RECURSION = YES;
				CLANG_WARN_INT_CONVERSION = YES;
				CLANG_WARN_NON_LITERAL_NULL_CONVERSION = YES;
				CLANG_WARN_OBJC_LITERAL_CONVERSION = YES;
				CLANG_WARN_OBJC_ROOT_CLASS = YES_ERROR;
				CLANG_WARN_RANGE_LOOP_ANALYSIS = YES;
				CLANG_WARN_STRICT_PROTOTYPES = YES;
				CLANG_WARN_SUSPICIOUS_MOVE = YES;
				CLANG_WARN_UNGUARDED_AVAILABILITY = YES_AGGRESSIVE;
				CLANG_WARN_UNREACHABLE_CODE = YES;
				CLANG_WARN__DUPLICATE_METHOD_MATCH = YES;
				CODE_SIGN_IDENTITY = "Mac Developer";
				COPY_PHASE_STRIP = NO;
				DEBUG_INFORMATION_FORMAT = dwarf;
				ENABLE_STRICT_OBJC_MSGSEND = YES;
				ENABLE_TESTABILITY = YES;
				GCC_C_LANGUAGE_STANDARD = gnu11;
				GCC_DYNAMIC_NO_PIC = NO;
				GCC_NO_COMMON_BLOCKS = YES;
				GCC_OPTIMIZATION_LEVEL = 0;
				GCC_PREPROCESSOR_DEFINITIONS = (
					"DEBUG=1",
					"$(inherited)",
				);
				GCC_WARN_64_TO_32_BIT_CONVERSION = YES;
				GCC_WARN_ABOUT_RETURN_TYPE = YES_ERROR;
				GCC_WARN_UNDECLARED_SELECTOR = YES;
				GCC_WARN_UNINITIALIZED_AUTOS = YES_AGGRESSIVE;
				GCC_WARN_UNUSED_FUNCTION = YES;
				GCC_WARN_UNUSED_VARIABLE = YES;
				MACOSX_DEPLOYMENT_TARGET = 10.12;
				MTL_ENABLE_DEBUG_INFO = YES;
				ONLY_ACTIVE_ARCH = YES;
				SDKROOT = macosx;
			};
			name = Debug;
		};
		E88E4D431FC278D900E784F9 /* Release */ = {
			isa = XCBuildConfiguration;
			buildSettings = {
				ALWAYS_SEARCH_USER_PATHS = NO;
				CLANG_ANALYZER_NONNULL = YES;
				CLANG_ANALYZER_NUMBER_OBJECT_CONVERSION = YES_AGGRESSIVE;
				CLANG_CXX_LANGUAGE_STANDARD = "gnu++14";
				CLANG_CXX_LIBRARY = "libc++";
				CLANG_ENABLE_MODULES = YES;
				CLANG_ENABLE_OBJC_ARC = YES;
				CLANG_WARN_BLOCK_CAPTURE_AUTORELEASING = YES;
				CLANG_WARN_BOOL_CONVERSION = YES;
				CLANG_WARN_COMMA = YES;
				CLANG_WARN_CONSTANT_CONVERSION = YES;
				CLANG_WARN_DIRECT_OBJC_ISA_USAGE = YES_ERROR;
				CLANG_WARN_DOCUMENTATION_COMMENTS = YES;
				CLANG_WARN_EMPTY_BODY = YES;
				CLANG_WARN_ENUM_CONVERSION = YES;
				CLANG_WARN_INFINITE_RECURSION = YES;
				CLANG_WARN_INT_CONVERSION = YES;
				CLANG_WARN_NON_LITERAL_NULL_CONVERSION = YES;
				CLANG_WARN_OBJC_LITERAL_CONVERSION = YES;
				CLANG_WARN_OBJC_ROOT_CLASS = YES_ERROR;
				CLANG_WARN_RANGE_LOOP_ANALYSIS = YES;
				CLANG_WARN_STRICT_PROTOTYPES = YES;
				CLANG_WARN_SUSPICIOUS_MOVE = YES;
				CLANG_WARN_UNGUARDED_AVAILABILITY = YES_AGGRESSIVE;
				CLANG_WARN_UNREACHABLE_CODE = YES;
				CLANG_WARN__DUPLICATE_METHOD_MATCH = YES;
				CODE_SIGN_IDENTITY = "Mac Developer";
				COPY_PHASE_STRIP = NO;
				DEBUG_INFORMATION_FORMAT = "dwarf-with-dsym";
				ENABLE_NS_ASSERTIONS = NO;
				ENABLE_STRICT_OBJC_MSGSEND = YES;
				GCC_C_LANGUAGE_STANDARD = gnu11;
				GCC_NO_COMMON_BLOCKS = YES;
				GCC_WARN_64_TO_32_BIT_CONVERSION = YES;
				GCC_WARN_ABOUT_RETURN_TYPE = YES_ERROR;
				GCC_WARN_UNDECLARED_SELECTOR = YES;
				GCC_WARN_UNINITIALIZED_AUTOS = YES_AGGRESSIVE;
				GCC_WARN_UNUSED_FUNCTION = YES;
				GCC_WARN_UNUSED_VARIABLE = YES;
				MACOSX_DEPLOYMENT_TARGET = 10.12;
				MTL_ENABLE_DEBUG_INFO = NO;
				SDKROOT = macosx;
			};
			name = Release;
		};
		E88E4D451FC278D900E784F9 /* Debug */ = {
			isa = XCBuildConfiguration;
			buildSettings = {
				CODE_SIGN_STYLE = Automatic;
				DEVELOPMENT_TEAM = NRQ2A5FE8M;
				PRODUCT_NAME = "$(TARGET_NAME)";
			};
			name = Debug;
		};
		E88E4D461FC278D900E784F9 /* Release */ = {
			isa = XCBuildConfiguration;
			buildSettings = {
				CODE_SIGN_STYLE = Automatic;
				DEVELOPMENT_TEAM = NRQ2A5FE8M;
				PRODUCT_NAME = "$(TARGET_NAME)";
			};
			name = Release;
		};
/* End XCBuildConfiguration section */

/* Begin XCConfigurationList section */
		E88E4D381FC278D900E784F9 /* Build configuration list for PBXProject "luatest" */ = {
			isa = XCConfigurationList;
			buildConfigurations = (
				E88E4D421FC278D900E784F9 /* Debug */,
				E88E4D431FC278D900E784F9 /* Release */,
			);
			defaultConfigurationIsVisible = 0;
			defaultConfigurationName = Release;
		};
		E88E4D441FC278D900E784F9 /* Build configuration list for PBXNativeTarget "luatest" */ = {
			isa = XCConfigurationList;
			buildConfigurations = (
				E88E4D451FC278D900E784F9 /* Debug */,
				E88E4D461FC278D900E784F9 /* Release */,
			);
			defaultConfigurationIsVisible = 0;
			defaultConfigurationName = Release;
		};
/* End XCConfigurationList section */
	};
	rootObject = E88E4D351FC278D900E784F9 /* Project object */;
}
